
Microsoft Visual Studio Solution File, Format Version 12.00
# Visual Studio Version 17
VisualStudioVersion = 17.6.33712.159
MinimumVisualStudioVersion = 10.0.40219.1
Project("{2150E333-8FDC-42A3-9474-1A3956D46DE8}") = "src", "src", "{BCB181E1-FBEC-416A-9288-DDE9EDCB1D11}"
EndProject
Project("{2150E333-8FDC-42A3-9474-1A3956D46DE8}") = "Building Blocks", "Building Blocks", "{7F85EF64-78EC-4334-A8E7-8D956B2B12CF}"
EndProject
Project("{2150E333-8FDC-42A3-9474-1A3956D46DE8}") = "Services", "Services", "{D633D65A-993B-4B61-86AE-E866A5328688}"
EndProject
Project("{2150E333-8FDC-42A3-9474-1A3956D46DE8}") = "Web", "Web", "{211A7A86-5E7C-4182-AD0A-12559EDAC25B}"
EndProject
Project("{2150E333-8FDC-42A3-9474-1A3956D46DE8}") = "Identity", "Identity", "{EAE9B000-EFA3-434E-BFDF-AF33F448E6F4}"
EndProject
Project("{9A19103F-16F7-4668-BE54-9A1E7A4F7556}") = "ESE.Identity.API", "src\services\ESE.Identity.API\ESE.Identity.API.csproj", "{0A25BD50-6395-47B3-BD6D-C99AC199373D}"
EndProject
Project("{2150E333-8FDC-42A3-9474-1A3956D46DE8}") = "MVC", "MVC", "{794BDE03-9391-454F-9899-27B88E2403F0}"
EndProject
Project("{9A19103F-16F7-4668-BE54-9A1E7A4F7556}") = "ESE.WebApp.MVC", "src\web\ESE.WebApp.MVC\ESE.WebApp.MVC.csproj", "{FCBCFE24-63CC-4988-A79D-4CB8569627AB}"
EndProject
Project("{2150E333-8FDC-42A3-9474-1A3956D46DE8}") = "Core", "Core", "{476F6C31-70D6-4906-BAE6-976D32E030C1}"
EndProject
Project("{9A19103F-16F7-4668-BE54-9A1E7A4F7556}") = "ESE.Core", "src\building blocks\ESE.Core\ESE.Core.csproj", "{186DC091-06B3-44C5-A3A3-EB63F0EDFA61}"
EndProject
Project("{2150E333-8FDC-42A3-9474-1A3956D46DE8}") = "Cart", "Cart", "{5835276E-030F-442C-A687-D5F995F03E74}"
EndProject
Project("{9A19103F-16F7-4668-BE54-9A1E7A4F7556}") = "ESE.Cart.API", "src\services\ESE.Cart.API\ESE.Cart.API.csproj", "{ADFBAB1E-1CB7-426B-92DA-FB57F049B57C}"
EndProject
Project("{2150E333-8FDC-42A3-9474-1A3956D46DE8}") = "Catalog", "Catalog", "{77BF4A68-5D64-45BB-A118-2E944BBBF0A1}"
EndProject
Project("{9A19103F-16F7-4668-BE54-9A1E7A4F7556}") = "ESE.Catalog.API", "src\services\ESE.Catalog.API\ESE.Catalog.API.csproj", "{5AE8E427-8461-4C5C-ACA6-26A25224FE0E}"
EndProject
Project("{2150E333-8FDC-42A3-9474-1A3956D46DE8}") = "Client", "Client", "{08C9173D-91E1-492C-B95C-DC519AF598C0}"
EndProject
Project("{9A19103F-16F7-4668-BE54-9A1E7A4F7556}") = "ESE.Client.API", "src\services\ESE.Client.API\ESE.Client.API.csproj", "{ABB92D24-41E9-4DE0-B497-842EEFA813C6}"
EndProject
Project("{2150E333-8FDC-42A3-9474-1A3956D46DE8}") = "Payment", "Payment", "{0D72A8F9-FB6E-4D83-A392-BB6F8F5297EE}"
EndProject
Project("{2150E333-8FDC-42A3-9474-1A3956D46DE8}") = "Order", "Order", "{F91E31F4-C0B9-4F2C-9F93-84F2DC4491EE}"
EndProject
Project("{9A19103F-16F7-4668-BE54-9A1E7A4F7556}") = "ESE.Order.API", "src\services\ESE.Order.API\ESE.Order.API.csproj", "{BC5695BA-0E8C-4560-8303-FC5A77D5C82F}"
EndProject
Project("{9A19103F-16F7-4668-BE54-9A1E7A4F7556}") = "ESE.Payment.API", "src\services\ESE.Payment.API\ESE.Payment.API.csproj", "{8476EEC6-EC0E-4D11-AD42-69708562C363}"
EndProject
Project("{2150E333-8FDC-42A3-9474-1A3956D46DE8}") = "Services", "Services", "{E523C3FF-E487-4BD5-B19B-2A230F7313DC}"
EndProject
Project("{FAE04EC0-301F-11D3-BF4B-00C04F79EFBC}") = "ESE.WebApi.Core", "src\building blocks\ESE.WebApi.Core\ESE.WebApi.Core.csproj", "{9253EA20-541D-462C-A82A-9C629EE5E16F}"
EndProject
Global
	GlobalSection(SolutionConfigurationPlatforms) = preSolution
		Debug|Any CPU = Debug|Any CPU
		Release|Any CPU = Release|Any CPU
	EndGlobalSection
	GlobalSection(ProjectConfigurationPlatforms) = postSolution
		{0A25BD50-6395-47B3-BD6D-C99AC199373D}.Debug|Any CPU.ActiveCfg = Debug|Any CPU
		{0A25BD50-6395-47B3-BD6D-C99AC199373D}.Debug|Any CPU.Build.0 = Debug|Any CPU
		{0A25BD50-6395-47B3-BD6D-C99AC199373D}.Release|Any CPU.ActiveCfg = Release|Any CPU
		{0A25BD50-6395-47B3-BD6D-C99AC199373D}.Release|Any CPU.Build.0 = Release|Any CPU
		{FCBCFE24-63CC-4988-A79D-4CB8569627AB}.Debug|Any CPU.ActiveCfg = Debug|Any CPU
		{FCBCFE24-63CC-4988-A79D-4CB8569627AB}.Debug|Any CPU.Build.0 = Debug|Any CPU
		{FCBCFE24-63CC-4988-A79D-4CB8569627AB}.Release|Any CPU.ActiveCfg = Release|Any CPU
		{FCBCFE24-63CC-4988-A79D-4CB8569627AB}.Release|Any CPU.Build.0 = Release|Any CPU
		{186DC091-06B3-44C5-A3A3-EB63F0EDFA61}.Debug|Any CPU.ActiveCfg = Debug|Any CPU
		{186DC091-06B3-44C5-A3A3-EB63F0EDFA61}.Debug|Any CPU.Build.0 = Debug|Any CPU
		{186DC091-06B3-44C5-A3A3-EB63F0EDFA61}.Release|Any CPU.ActiveCfg = Release|Any CPU
		{186DC091-06B3-44C5-A3A3-EB63F0EDFA61}.Release|Any CPU.Build.0 = Release|Any CPU
		{ADFBAB1E-1CB7-426B-92DA-FB57F049B57C}.Debug|Any CPU.ActiveCfg = Debug|Any CPU
		{ADFBAB1E-1CB7-426B-92DA-FB57F049B57C}.Debug|Any CPU.Build.0 = Debug|Any CPU
		{ADFBAB1E-1CB7-426B-92DA-FB57F049B57C}.Release|Any CPU.ActiveCfg = Release|Any CPU
		{ADFBAB1E-1CB7-426B-92DA-FB57F049B57C}.Release|Any CPU.Build.0 = Release|Any CPU
		{5AE8E427-8461-4C5C-ACA6-26A25224FE0E}.Debug|Any CPU.ActiveCfg = Debug|Any CPU
		{5AE8E427-8461-4C5C-ACA6-26A25224FE0E}.Debug|Any CPU.Build.0 = Debug|Any CPU
		{5AE8E427-8461-4C5C-ACA6-26A25224FE0E}.Release|Any CPU.ActiveCfg = Release|Any CPU
		{5AE8E427-8461-4C5C-ACA6-26A25224FE0E}.Release|Any CPU.Build.0 = Release|Any CPU
		{ABB92D24-41E9-4DE0-B497-842EEFA813C6}.Debug|Any CPU.ActiveCfg = Debug|Any CPU
		{ABB92D24-41E9-4DE0-B497-842EEFA813C6}.Debug|Any CPU.Build.0 = Debug|Any CPU
		{ABB92D24-41E9-4DE0-B497-842EEFA813C6}.Release|Any CPU.ActiveCfg = Release|Any CPU
		{ABB92D24-41E9-4DE0-B497-842EEFA813C6}.Release|Any CPU.Build.0 = Release|Any CPU
		{BC5695BA-0E8C-4560-8303-FC5A77D5C82F}.Debug|Any CPU.ActiveCfg = Debug|Any CPU
		{BC5695BA-0E8C-4560-8303-FC5A77D5C82F}.Debug|Any CPU.Build.0 = Debug|Any CPU
		{BC5695BA-0E8C-4560-8303-FC5A77D5C82F}.Release|Any CPU.ActiveCfg = Release|Any CPU
		{BC5695BA-0E8C-4560-8303-FC5A77D5C82F}.Release|Any CPU.Build.0 = Release|Any CPU
		{8476EEC6-EC0E-4D11-AD42-69708562C363}.Debug|Any CPU.ActiveCfg = Debug|Any CPU
		{8476EEC6-EC0E-4D11-AD42-69708562C363}.Debug|Any CPU.Build.0 = Debug|Any CPU
		{8476EEC6-EC0E-4D11-AD42-69708562C363}.Release|Any CPU.ActiveCfg = Release|Any CPU
		{8476EEC6-EC0E-4D11-AD42-69708562C363}.Release|Any CPU.Build.0 = Release|Any CPU
		{9253EA20-541D-462C-A82A-9C629EE5E16F}.Debug|Any CPU.ActiveCfg = Debug|Any CPU
		{9253EA20-541D-462C-A82A-9C629EE5E16F}.Debug|Any CPU.Build.0 = Debug|Any CPU
		{9253EA20-541D-462C-A82A-9C629EE5E16F}.Release|Any CPU.ActiveCfg = Release|Any CPU
		{9253EA20-541D-462C-A82A-9C629EE5E16F}.Release|Any CPU.Build.0 = Release|Any CPU
	EndGlobalSection
	GlobalSection(SolutionProperties) = preSolution
		HideSolutionNode = FALSE
	EndGlobalSection
	GlobalSection(NestedProjects) = preSolution
		{7F85EF64-78EC-4334-A8E7-8D956B2B12CF} = {BCB181E1-FBEC-416A-9288-DDE9EDCB1D11}
		{D633D65A-993B-4B61-86AE-E866A5328688} = {BCB181E1-FBEC-416A-9288-DDE9EDCB1D11}
		{211A7A86-5E7C-4182-AD0A-12559EDAC25B} = {BCB181E1-FBEC-416A-9288-DDE9EDCB1D11}
		{EAE9B000-EFA3-434E-BFDF-AF33F448E6F4} = {D633D65A-993B-4B61-86AE-E866A5328688}
		{0A25BD50-6395-47B3-BD6D-C99AC199373D} = {EAE9B000-EFA3-434E-BFDF-AF33F448E6F4}
		{794BDE03-9391-454F-9899-27B88E2403F0} = {211A7A86-5E7C-4182-AD0A-12559EDAC25B}
		{FCBCFE24-63CC-4988-A79D-4CB8569627AB} = {794BDE03-9391-454F-9899-27B88E2403F0}
		{476F6C31-70D6-4906-BAE6-976D32E030C1} = {7F85EF64-78EC-4334-A8E7-8D956B2B12CF}
		{186DC091-06B3-44C5-A3A3-EB63F0EDFA61} = {476F6C31-70D6-4906-BAE6-976D32E030C1}
		{5835276E-030F-442C-A687-D5F995F03E74} = {D633D65A-993B-4B61-86AE-E866A5328688}
		{ADFBAB1E-1CB7-426B-92DA-FB57F049B57C} = {5835276E-030F-442C-A687-D5F995F03E74}
		{77BF4A68-5D64-45BB-A118-2E944BBBF0A1} = {D633D65A-993B-4B61-86AE-E866A5328688}
		{5AE8E427-8461-4C5C-ACA6-26A25224FE0E} = {77BF4A68-5D64-45BB-A118-2E944BBBF0A1}
		{08C9173D-91E1-492C-B95C-DC519AF598C0} = {D633D65A-993B-4B61-86AE-E866A5328688}
		{ABB92D24-41E9-4DE0-B497-842EEFA813C6} = {08C9173D-91E1-492C-B95C-DC519AF598C0}
		{0D72A8F9-FB6E-4D83-A392-BB6F8F5297EE} = {D633D65A-993B-4B61-86AE-E866A5328688}
		{F91E31F4-C0B9-4F2C-9F93-84F2DC4491EE} = {D633D65A-993B-4B61-86AE-E866A5328688}
		{BC5695BA-0E8C-4560-8303-FC5A77D5C82F} = {F91E31F4-C0B9-4F2C-9F93-84F2DC4491EE}
		{8476EEC6-EC0E-4D11-AD42-69708562C363} = {0D72A8F9-FB6E-4D83-A392-BB6F8F5297EE}
		{E523C3FF-E487-4BD5-B19B-2A230F7313DC} = {7F85EF64-78EC-4334-A8E7-8D956B2B12CF}
		{9253EA20-541D-462C-A82A-9C629EE5E16F} = {E523C3FF-E487-4BD5-B19B-2A230F7313DC}
	EndGlobalSection
	GlobalSection(ExtensibilityGlobals) = postSolution
		SolutionGuid = {D49265B7-8CA2-4EDF-8926-01CB288FA685}
	EndGlobalSection
EndGlobal
